
Microsoft Visual Studio Solution File, Format Version 12.00
# Visual Studio Version 17
VisualStudioVersion = 17.1.32328.378
MinimumVisualStudioVersion = 10.0.40219.1
Project("{FAE04EC0-301F-11D3-BF4B-00C04F79EFBC}") = "Day27_File_IO PP", "Day27_File_IO PP\Day27_File_IO PP.csproj", "{84ACDBEC-ECB1-4642-81EA-31DB7D21AA77}"
EndProject
Global
	GlobalSection(SolutionConfigurationPlatforms) = preSolution
		Debug|Any CPU = Debug|Any CPU
		Release|Any CPU = Release|Any CPU
	EndGlobalSection
	GlobalSection(ProjectConfigurationPlatforms) = postSolution
		{84ACDBEC-ECB1-4642-81EA-31DB7D21AA77}.Debug|Any CPU.ActiveCfg = Debug|Any CPU
		{84ACDBEC-ECB1-4642-81EA-31DB7D21AA77}.Debug|Any CPU.Build.0 = Debug|Any CPU
		{84ACDBEC-ECB1-4642-81EA-31DB7D21AA77}.Release|Any CPU.ActiveCfg = Release|Any CPU
		{84ACDBEC-ECB1-4642-81EA-31DB7D21AA77}.Release|Any CPU.Build.0 = Release|Any CPU
	EndGlobalSection
	GlobalSection(SolutionProperties) = preSolution
		HideSolutionNode = FALSE
	EndGlobalSection
	GlobalSection(ExtensibilityGlobals) = postSolution
		SolutionGuid = {409060E8-CF3F-4583-BD9B-A6543F46882D}
	EndGlobalSection
EndGlobal
